
Microsoft Visual Studio Solution File, Format Version 12.00
# Visual Studio Version 17
VisualStudioVersion = 17.11.35312.102
MinimumVisualStudioVersion = 10.0.40219.1
Project("{FAE04EC0-301F-11D3-BF4B-00C04F79EFBC}") = "calcuator", "calcuator\calcuator.csproj", "{ADDB7303-1537-43E2-BBC5-7A4E2B0F43EB}"
EndProject
Global
	GlobalSection(SolutionConfigurationPlatforms) = preSolution
		Debug|Any CPU = Debug|Any CPU
		Release|Any CPU = Release|Any CPU
	EndGlobalSection
	GlobalSection(ProjectConfigurationPlatforms) = postSolution
		{ADDB7303-1537-43E2-BBC5-7A4E2B0F43EB}.Debug|Any CPU.ActiveCfg = Debug|Any CPU
		{ADDB7303-1537-43E2-BBC5-7A4E2B0F43EB}.Debug|Any CPU.Build.0 = Debug|Any CPU
		{ADDB7303-1537-43E2-BBC5-7A4E2B0F43EB}.Release|Any CPU.ActiveCfg = Release|Any CPU
		{ADDB7303-1537-43E2-BBC5-7A4E2B0F43EB}.Release|Any CPU.Build.0 = Release|Any CPU
	EndGlobalSection
	GlobalSection(SolutionProperties) = preSolution
		HideSolutionNode = FALSE
	EndGlobalSection
	GlobalSection(ExtensibilityGlobals) = postSolution
		SolutionGuid = {452ACAD8-1049-4D9C-B97C-646BE60743E9}
	EndGlobalSection
EndGlobal
